{
  "requires": true,
  "lockfileVersion": 1,
  "dependencies": {
    "@vuelidate/core": {
      "version": "2.0.0-alpha.25",
      "resolved": "https://registry.npmjs.org/@vuelidate/core/-/core-2.0.0-alpha.25.tgz",
      "integrity": "sha512-8gDZsESacXw++G45yDLB5Fw+tc9fTbRvkL3XFaAhA9Wia6mPp/nS+iLPRrXhwPex5OPqdjre44ZSvMCu7fgpCA==",
      "requires": {
        "vue-demi": "^0.11.3"
      }
    },
    "@vuelidate/validators": {
      "version": "2.0.0-alpha.21",
      "resolved": "https://registry.npmjs.org/@vuelidate/validators/-/validators-2.0.0-alpha.21.tgz",
      "integrity": "sha512-Ch+dW2hSWxAv+DcCEbpMVB58rylrCRxrGQMvL1gJKtq2SdrIrvw+IfgGL9VtxLx8U8gqlDiqy7M4Ycu59rUSnA==",
      "requires": {
        "vue-demi": "^0.11.3"
      }
    },
    "vue-demi": {
      "version": "0.11.4",
      "resolved": "https://registry.npmjs.org/vue-demi/-/vue-demi-0.11.4.tgz",
      "integrity": "sha512-/3xFwzSykLW2HiiLie43a+FFgNOcokbBJ+fzvFXd0r2T8MYohqvphUyDQ8lbAwzQ3Dlcrb1c9ykifGkhSIAk6A=="
    }
  }
}
